// !$*UTF8*$!
{
	archiveVersion = 1;
	classes = {
	};
	objectVersion = 46;
	objects = {

/* Begin PBXBuildFile section */
		604FFB221ECA28D300930841 /* AppDelegate.swift in Sources */ = {isa = PBXBuildFile; fileRef = 604FFB211ECA28D300930841 /* AppDelegate.swift */; };
		604FFB241ECA28D300930841 /* DestinationViewController.swift in Sources */ = {isa = PBXBuildFile; fileRef = 604FFB231ECA28D300930841 /* DestinationViewController.swift */; };
		604FFB271ECA28D300930841 /* Main.storyboard in Resources */ = {isa = PBXBuildFile; fileRef = 604FFB251ECA28D300930841 /* Main.storyboard */; };
		604FFB291ECA28D300930841 /* Assets.xcassets in Resources */ = {isa = PBXBuildFile; fileRef = 604FFB281ECA28D300930841 /* Assets.xcassets */; };
		604FFB2C1ECA28D300930841 /* LaunchScreen.storyboard in Resources */ = {isa = PBXBuildFile; fileRef = 604FFB2A1ECA28D300930841 /* LaunchScreen.storyboard */; };
		604FFB371ECA28D300930841 /* SegueTesterUITests.swift in Sources */ = {isa = PBXBuildFile; fileRef = 604FFB361ECA28D300930841 /* SegueTesterUITests.swift */; };
		604FFB421ECA29BF00930841 /* RootViewController.swift in Sources */ = {isa = PBXBuildFile; fileRef = 604FFB411ECA29BF00930841 /* RootViewController.swift */; };
		604FFB441ECA2B0C00930841 /* LogManager.swift in Sources */ = {isa = PBXBuildFile; fileRef = 604FFB431ECA2B0C00930841 /* LogManager.swift */; };
		604FFB481ECA49BA00930841 /* LogViewController.swift in Sources */ = {isa = PBXBuildFile; fileRef = 604FFB471ECA49BA00930841 /* LogViewController.swift */; };
/* End PBXBuildFile section */

/* Begin PBXContainerItemProxy section */
		604FFB331ECA28D300930841 /* PBXContainerItemProxy */ = {
			isa = PBXContainerItemProxy;
			containerPortal = 604FFB161ECA28D300930841 /* Project object */;
			proxyType = 1;
			remoteGlobalIDString = 604FFB1D1ECA28D300930841;
			remoteInfo = SegueTester;
		};
/* End PBXContainerItemProxy section */

/* Begin PBXFileReference section */
		604FFB1E1ECA28D300930841 /* SegueTester.app */ = {isa = PBXFileReference; explicitFileType = wrapper.application; includeInIndex = 0; path = SegueTester.app; sourceTree = BUILT_PRODUCTS_DIR; };
		604FFB211ECA28D300930841 /* AppDelegate.swift */ = {isa = PBXFileReference; lastKnownFileType = sourcecode.swift; path = AppDelegate.swift; sourceTree = "<group>"; };
		604FFB231ECA28D300930841 /* DestinationViewController.swift */ = {isa = PBXFileReference; lastKnownFileType = sourcecode.swift; path = DestinationViewController.swift; sourceTree = "<group>"; };
		604FFB261ECA28D300930841 /* Base */ = {isa = PBXFileReference; lastKnownFileType = file.storyboard; name = Base; path = Base.lproj/Main.storyboard; sourceTree = "<group>"; };
		604FFB281ECA28D300930841 /* Assets.xcassets */ = {isa = PBXFileReference; lastKnownFileType = folder.assetcatalog; path = Assets.xcassets; sourceTree = "<group>"; };
		604FFB2B1ECA28D300930841 /* Base */ = {isa = PBXFileReference; lastKnownFileType = file.storyboard; name = Base; path = Base.lproj/LaunchScreen.storyboard; sourceTree = "<group>"; };
		604FFB2D1ECA28D300930841 /* Info.plist */ = {isa = PBXFileReference; lastKnownFileType = text.plist.xml; path = Info.plist; sourceTree = "<group>"; };
		604FFB321ECA28D300930841 /* SegueTesterUITests.xctest */ = {isa = PBXFileReference; explicitFileType = wrapper.cfbundle; includeInIndex = 0; path = SegueTesterUITests.xctest; sourceTree = BUILT_PRODUCTS_DIR; };
		604FFB361ECA28D300930841 /* SegueTesterUITests.swift */ = {isa = PBXFileReference; lastKnownFileType = sourcecode.swift; path = SegueTesterUITests.swift; sourceTree = "<group>"; };
		604FFB381ECA28D300930841 /* Info.plist */ = {isa = PBXFileReference; lastKnownFileType = text.plist.xml; path = Info.plist; sourceTree = "<group>"; };
		604FFB411ECA29BF00930841 /* RootViewController.swift */ = {isa = PBXFileReference; fileEncoding = 4; lastKnownFileType = sourcecode.swift; path = RootViewController.swift; sourceTree = "<group>"; };
		604FFB431ECA2B0C00930841 /* LogManager.swift */ = {isa = PBXFileReference; fileEncoding = 4; lastKnownFileType = sourcecode.swift; path = LogManager.swift; sourceTree = "<group>"; };
		604FFB471ECA49BA00930841 /* LogViewController.swift */ = {isa = PBXFileReference; fileEncoding = 4; lastKnownFileType = sourcecode.swift; path = LogViewController.swift; sourceTree = "<group>"; };
/* End PBXFileReference section */

/* Begin PBXFrameworksBuildPhase section */
		604FFB1B1ECA28D300930841 /* Frameworks */ = {
			isa = PBXFrameworksBuildPhase;
			buildActionMask = 2147483647;
			files = (
			);
			runOnlyForDeploymentPostprocessing = 0;
		};
		604FFB2F1ECA28D300930841 /* Frameworks */ = {
			isa = PBXFrameworksBuildPhase;
			buildActionMask = 2147483647;
			files = (
			);
			runOnlyForDeploymentPostprocessing = 0;
		};
/* End PBXFrameworksBuildPhase section */

/* Begin PBXGroup section */
		604FFB151ECA28D300930841 = {
			isa = PBXGroup;
			children = (
				604FFB201ECA28D300930841 /* SegueTester */,
				604FFB351ECA28D300930841 /* SegueTesterUITests */,
				604FFB1F1ECA28D300930841 /* Products */,
			);
			sourceTree = "<group>";
		};
		604FFB1F1ECA28D300930841 /* Products */ = {
			isa = PBXGroup;
			children = (
				604FFB1E1ECA28D300930841 /* SegueTester.app */,
				604FFB321ECA28D300930841 /* SegueTesterUITests.xctest */,
			);
			name = Products;
			sourceTree = "<group>";
		};
		604FFB201ECA28D300930841 /* SegueTester */ = {
			isa = PBXGroup;
			children = (
				604FFB211ECA28D300930841 /* AppDelegate.swift */,
				604FFB431ECA2B0C00930841 /* LogManager.swift */,
				604FFB461ECA357F00930841 /* Controller */,
				604FFB451ECA357700930841 /* Supporting Files */,
			);
			path = SegueTester;
			sourceTree = "<group>";
		};
		604FFB351ECA28D300930841 /* SegueTesterUITests */ = {
			isa = PBXGroup;
			children = (
				604FFB361ECA28D300930841 /* SegueTesterUITests.swift */,
				604FFB381ECA28D300930841 /* Info.plist */,
			);
			path = SegueTesterUITests;
			sourceTree = "<group>";
		};
		604FFB451ECA357700930841 /* Supporting Files */ = {
			isa = PBXGroup;
			children = (
				604FFB281ECA28D300930841 /* Assets.xcassets */,
				604FFB251ECA28D300930841 /* Main.storyboard */,
				604FFB2A1ECA28D300930841 /* LaunchScreen.storyboard */,
				604FFB2D1ECA28D300930841 /* Info.plist */,
			);
			name = "Supporting Files";
			sourceTree = "<group>";
		};
		604FFB461ECA357F00930841 /* Controller */ = {
			isa = PBXGroup;
			children = (
				604FFB411ECA29BF00930841 /* RootViewController.swift */,
				604FFB231ECA28D300930841 /* DestinationViewController.swift */,
				604FFB471ECA49BA00930841 /* LogViewController.swift */,
			);
			name = Controller;
			sourceTree = "<group>";
		};
/* End PBXGroup section */

/* Begin PBXNativeTarget section */
		604FFB1D1ECA28D300930841 /* SegueTester */ = {
			isa = PBXNativeTarget;
			buildConfigurationList = 604FFB3B1ECA28D300930841 /* Build configuration list for PBXNativeTarget "SegueTester" */;
			buildPhases = (
				604FFB1A1ECA28D300930841 /* Sources */,
				604FFB1B1ECA28D300930841 /* Frameworks */,
				604FFB1C1ECA28D300930841 /* Resources */,
			);
			buildRules = (
			);
			dependencies = (
			);
			name = SegueTester;
			productName = SegueTester;
			productReference = 604FFB1E1ECA28D300930841 /* SegueTester.app */;
			productType = "com.apple.product-type.application";
		};
		604FFB311ECA28D300930841 /* SegueTesterUITests */ = {
			isa = PBXNativeTarget;
			buildConfigurationList = 604FFB3E1ECA28D300930841 /* Build configuration list for PBXNativeTarget "SegueTesterUITests" */;
			buildPhases = (
				604FFB2E1ECA28D300930841 /* Sources */,
				604FFB2F1ECA28D300930841 /* Frameworks */,
				604FFB301ECA28D300930841 /* Resources */,
			);
			buildRules = (
			);
			dependencies = (
				604FFB341ECA28D300930841 /* PBXTargetDependency */,
			);
			name = SegueTesterUITests;
			productName = SegueTesterUITests;
			productReference = 604FFB321ECA28D300930841 /* SegueTesterUITests.xctest */;
			productType = "com.apple.product-type.bundle.ui-testing";
		};
/* End PBXNativeTarget section */

/* Begin PBXProject section */
		604FFB161ECA28D300930841 /* Project object */ = {
			isa = PBXProject;
			attributes = {
				LastSwiftUpdateCheck = 0830;
				LastUpgradeCheck = 0830;
				ORGANIZATIONNAME = intive;
				TargetAttributes = {
					604FFB1D1ECA28D300930841 = {
						CreatedOnToolsVersion = 8.3.2;
						DevelopmentTeam = 6QPGU549D9;
						ProvisioningStyle = Manual;
					};
					604FFB311ECA28D300930841 = {
						CreatedOnToolsVersion = 8.3.2;
						DevelopmentTeam = 8U38KF48V6;
						ProvisioningStyle = Automatic;
						TestTargetID = 604FFB1D1ECA28D300930841;
					};
				};
			};
			buildConfigurationList = 604FFB191ECA28D300930841 /* Build configuration list for PBXProject "SegueTester" */;
			compatibilityVersion = "Xcode 3.2";
			developmentRegion = English;
			hasScannedForEncodings = 0;
			knownRegions = (
				en,
				Base,
			);
			mainGroup = 604FFB151ECA28D300930841;
			productRefGroup = 604FFB1F1ECA28D300930841 /* Products */;
			projectDirPath = "";
			projectRoot = "";
			targets = (
				604FFB1D1ECA28D300930841 /* SegueTester */,
				604FFB311ECA28D300930841 /* SegueTesterUITests */,
			);
		};
/* End PBXProject section */

/* Begin PBXResourcesBuildPhase section */
		604FFB1C1ECA28D300930841 /* Resources */ = {
			isa = PBXResourcesBuildPhase;
			buildActionMask = 2147483647;
			files = (
				604FFB2C1ECA28D300930841 /* LaunchScreen.storyboard in Resources */,
				604FFB291ECA28D300930841 /* Assets.xcassets in Resources */,
				604FFB271ECA28D300930841 /* Main.storyboard in Resources */,
			);
			runOnlyForDeploymentPostprocessing = 0;
		};
		604FFB301ECA28D300930841 /* Resources */ = {
			isa = PBXResourcesBuildPhase;
			buildActionMask = 2147483647;
			files = (
			);
			runOnlyForDeploymentPostprocessing = 0;
		};
/* End PBXResourcesBuildPhase section */

/* Begin PBXSourcesBuildPhase section */
		604FFB1A1ECA28D300930841 /* Sources */ = {
			isa = PBXSourcesBuildPhase;
			buildActionMask = 2147483647;
			files = (
				604FFB441ECA2B0C00930841 /* LogManager.swift in Sources */,
				604FFB481ECA49BA00930841 /* LogViewController.swift in Sources */,
				604FFB241ECA28D300930841 /* DestinationViewController.swift in Sources */,
				604FFB221ECA28D300930841 /* AppDelegate.swift in Sources */,
				604FFB421ECA29BF00930841 /* RootViewController.swift in Sources */,
			);
			runOnlyForDeploymentPostprocessing = 0;
		};
		604FFB2E1ECA28D300930841 /* Sources */ = {
			isa = PBXSourcesBuildPhase;
			buildActionMask = 2147483647;
			files = (
				604FFB371ECA28D300930841 /* SegueTesterUITests.swift in Sources */,
			);
			runOnlyForDeploymentPostprocessing = 0;
		};
/* End PBXSourcesBuildPhase section */

/* Begin PBXTargetDependency section */
		604FFB341ECA28D300930841 /* PBXTargetDependency */ = {
			isa = PBXTargetDependency;
			target = 604FFB1D1ECA28D300930841 /* SegueTester */;
			targetProxy = 604FFB331ECA28D300930841 /* PBXContainerItemProxy */;
		};
/* End PBXTargetDependency section */

/* Begin PBXVariantGroup section */
		604FFB251ECA28D300930841 /* Main.storyboard */ = {
			isa = PBXVariantGroup;
			children = (
				604FFB261ECA28D300930841 /* Base */,
			);
			name = Main.storyboard;
			sourceTree = "<group>";
		};
		604FFB2A1ECA28D300930841 /* LaunchScreen.storyboard */ = {
			isa = PBXVariantGroup;
			children = (
				604FFB2B1ECA28D300930841 /* Base */,
			);
			name = LaunchScreen.storyboard;
			sourceTree = "<group>";
		};
/* End PBXVariantGroup section */

/* Begin XCBuildConfiguration section */
		604FFB391ECA28D300930841 /* Debug */ = {
			isa = XCBuildConfiguration;
			buildSettings = {
				ALWAYS_SEARCH_USER_PATHS = NO;
				CLANG_ANALYZER_NONNULL = YES;
				CLANG_ANALYZER_NUMBER_OBJECT_CONVERSION = YES_AGGRESSIVE;
				CLANG_CXX_LANGUAGE_STANDARD = "gnu++0x";
				CLANG_CXX_LIBRARY = "libc++";
				CLANG_ENABLE_MODULES = YES;
				CLANG_ENABLE_OBJC_ARC = YES;
				CLANG_WARN_BOOL_CONVERSION = YES;
				CLANG_WARN_CONSTANT_CONVERSION = YES;
				CLANG_WARN_DIRECT_OBJC_ISA_USAGE = YES_ERROR;
				CLANG_WARN_DOCUMENTATION_COMMENTS = YES;
				CLANG_WARN_EMPTY_BODY = YES;
				CLANG_WARN_ENUM_CONVERSION = YES;
				CLANG_WARN_INFINITE_RECURSION = YES;
				CLANG_WARN_INT_CONVERSION = YES;
				CLANG_WARN_OBJC_ROOT_CLASS = YES_ERROR;
				CLANG_WARN_SUSPICIOUS_MOVE = YES;
				CLANG_WARN_UNREACHABLE_CODE = YES;
				CLANG_WARN__DUPLICATE_METHOD_MATCH = YES;
				"CODE_SIGN_IDENTITY[sdk=iphoneos*]" = "iPhone Developer";
				COPY_PHASE_STRIP = NO;
				DEBUG_INFORMATION_FORMAT = dwarf;
				ENABLE_STRICT_OBJC_MSGSEND = YES;
				ENABLE_TESTABILITY = YES;
				GCC_C_LANGUAGE_STANDARD = gnu99;
				GCC_DYNAMIC_NO_PIC = NO;
				GCC_NO_COMMON_BLOCKS = YES;
				GCC_OPTIMIZATION_LEVEL = 0;
				GCC_PREPROCESSOR_DEFINITIONS = (
					"DEBUG=1",
					"$(inherited)",
				);
				GCC_WARN_64_TO_32_BIT_CONVERSION = YES;
				GCC_WARN_ABOUT_RETURN_TYPE = YES_ERROR;
				GCC_WARN_UNDECLARED_SELECTOR = YES;
				GCC_WARN_UNINITIALIZED_AUTOS = YES_AGGRESSIVE;
				GCC_WARN_UNUSED_FUNCTION = YES;
				GCC_WARN_UNUSED_VARIABLE = YES;
				IPHONEOS_DEPLOYMENT_TARGET = 10.3;
				MTL_ENABLE_DEBUG_INFO = YES;
				ONLY_ACTIVE_ARCH = YES;
				SDKROOT = iphoneos;
				SWIFT_ACTIVE_COMPILATION_CONDITIONS = DEBUG;
				SWIFT_OPTIMIZATION_LEVEL = "-Onone";
				TARGETED_DEVICE_FAMILY = "1,2";
			};
			name = Debug;
		};
		604FFB3A1ECA28D300930841 /* Release */ = {
			isa = XCBuildConfiguration;
			buildSettings = {
				ALWAYS_SEARCH_USER_PATHS = NO;
				CLANG_ANALYZER_NONNULL = YES;
				CLANG_ANALYZER_NUMBER_OBJECT_CONVERSION = YES_AGGRESSIVE;
				CLANG_CXX_LANGUAGE_STANDARD = "gnu++0x";
				CLANG_CXX_LIBRARY = "libc++";
				CLANG_ENABLE_MODULES = YES;
				CLANG_ENABLE_OBJC_ARC = YES;
				CLANG_WARN_BOOL_CONVERSION = YES;
				CLANG_WARN_CONSTANT_CONVERSION = YES;
				CLANG_WARN_DIRECT_OBJC_ISA_USAGE = YES_ERROR;
				CLANG_WARN_DOCUMENTATION_COMMENTS = YES;
				CLANG_WARN_EMPTY_BODY = YES;
				CLANG_WARN_ENUM_CONVERSION = YES;
				CLANG_WARN_INFINITE_RECURSION = YES;
				CLANG_WARN_INT_CONVERSION = YES;
				CLANG_WARN_OBJC_ROOT_CLASS = YES_ERROR;
				CLANG_WARN_SUSPICIOUS_MOVE = YES;
				CLANG_WARN_UNREACHABLE_CODE = YES;
				CLANG_WARN__DUPLICATE_METHOD_MATCH = YES;
				"CODE_SIGN_IDENTITY[sdk=iphoneos*]" = "iPhone Developer";
				COPY_PHASE_STRIP = NO;
				DEBUG_INFORMATION_FORMAT = "dwarf-with-dsym";
				ENABLE_NS_ASSERTIONS = NO;
				ENABLE_STRICT_OBJC_MSGSEND = YES;
				GCC_C_LANGUAGE_STANDARD = gnu99;
				GCC_NO_COMMON_BLOCKS = YES;
				GCC_WARN_64_TO_32_BIT_CONVERSION = YES;
				GCC_WARN_ABOUT_RETURN_TYPE = YES_ERROR;
				GCC_WARN_UNDECLARED_SELECTOR = YES;
				GCC_WARN_UNINITIALIZED_AUTOS = YES_AGGRESSIVE;
				GCC_WARN_UNUSED_FUNCTION = YES;
				GCC_WARN_UNUSED_VARIABLE = YES;
				IPHONEOS_DEPLOYMENT_TARGET = 10.3;
				MTL_ENABLE_DEBUG_INFO = NO;
				SDKROOT = iphoneos;
				SWIFT_OPTIMIZATION_LEVEL = "-Owholemodule";
				TARGETED_DEVICE_FAMILY = "1,2";
				VALIDATE_PRODUCT = YES;
			};
			name = Release;
		};
		604FFB3C1ECA28D300930841 /* Debug */ = {
			isa = XCBuildConfiguration;
			buildSettings = {
				ASSETCATALOG_COMPILER_APPICON_NAME = AppIcon;
				"CODE_SIGN_IDENTITY[sdk=iphoneos*]" = "iPhone Distribution";
				DEVELOPMENT_TEAM = 6QPGU549D9;
				INFOPLIST_FILE = SegueTester/Info.plist;
				LD_RUNPATH_SEARCH_PATHS = "$(inherited) @executable_path/Frameworks";
				PRODUCT_BUNDLE_IDENTIFIER = org.intive.SegueTester;
				PRODUCT_NAME = "$(TARGET_NAME)";
				PROVISIONING_PROFILE = "4738648d-ea6e-4f32-8121-d89930cbf37f";
				PROVISIONING_PROFILE_SPECIFIER = "XC iOS: *";
				SWIFT_VERSION = 3.0;
			};
			name = Debug;
		};
		604FFB3D1ECA28D300930841 /* Release */ = {
			isa = XCBuildConfiguration;
			buildSettings = {
				ASSETCATALOG_COMPILER_APPICON_NAME = AppIcon;
				DEVELOPMENT_TEAM = "";
				INFOPLIST_FILE = SegueTester/Info.plist;
				LD_RUNPATH_SEARCH_PATHS = "$(inherited) @executable_path/Frameworks";
				PRODUCT_BUNDLE_IDENTIFIER = org.intive.SegueTester;
				PRODUCT_NAME = "$(TARGET_NAME)";
				PROVISIONING_PROFILE_SPECIFIER = "";
				SWIFT_VERSION = 3.0;
			};
			name = Release;
		};
		604FFB3F1ECA28D300930841 /* Debug */ = {
			isa = XCBuildConfiguration;
			buildSettings = {
				ALWAYS_EMBED_SWIFT_STANDARD_LIBRARIES = YES;
				DEVELOPMENT_TEAM = 8U38KF48V6;
				INFOPLIST_FILE = SegueTesterUITests/Info.plist;
				LD_RUNPATH_SEARCH_PATHS = "$(inherited) @executable_path/Frameworks @loader_path/Frameworks";
				PRODUCT_BUNDLE_IDENTIFIER = org.intive.SegueTesterUITests;
				PRODUCT_NAME = "$(TARGET_NAME)";
				SWIFT_VERSION = 3.0;
				TEST_TARGET_NAME = SegueTester;
			};
			name = Debug;
		};
		604FFB401ECA28D300930841 /* Release */ = {
			isa = XCBuildConfiguration;
			buildSettings = {
				ALWAYS_EMBED_SWIFT_STANDARD_LIBRARIES = YES;
				DEVELOPMENT_TEAM = 8U38KF48V6;
				INFOPLIST_FILE = SegueTesterUITests/Info.plist;
				LD_RUNPATH_SEARCH_PATHS = "$(inherited) @executable_path/Frameworks @loader_path/Frameworks";
				PRODUCT_BUNDLE_IDENTIFIER = org.intive.SegueTesterUITests;
				PRODUCT_NAME = "$(TARGET_NAME)";
				SWIFT_VERSION = 3.0;
				TEST_TARGET_NAME = SegueTester;
			};
			name = Release;
		};
/* End XCBuildConfiguration section */

/* Begin XCConfigurationList section */
		604FFB191ECA28D300930841 /* Build configuration list for PBXProject "SegueTester" */ = {
			isa = XCConfigurationList;
			buildConfigurations = (
				604FFB391ECA28D300930841 /* Debug */,
				604FFB3A1ECA28D300930841 /* Release */,
			);
			defaultConfigurationIsVisible = 0;
			defaultConfigurationName = Release;
		};
		604FFB3B1ECA28D300930841 /* Build configuration list for PBXNativeTarget "SegueTester" */ = {
			isa = XCConfigurationList;
			buildConfigurations = (
				604FFB3C1ECA28D300930841 /* Debug */,
				604FFB3D1ECA28D300930841 /* Release */,
			);
			defaultConfigurationIsVisible = 0;
		};
		604FFB3E1ECA28D300930841 /* Build configuration list for PBXNativeTarget "SegueTesterUITests" */ = {
			isa = XCConfigurationList;
			buildConfigurations = (
				604FFB3F1ECA28D300930841 /* Debug */,
				604FFB401ECA28D300930841 /* Release */,
			);
			defaultConfigurationIsVisible = 0;
		};
/* End XCConfigurationList section */
	};
	rootObject = 604FFB161ECA28D300930841 /* Project object */;
}
